
Microsoft Visual Studio Solution File, Format Version 12.00
# Visual Studio Version 17
VisualStudioVersion = 17.6.33815.320
MinimumVisualStudioVersion = 10.0.40219.1
Project("{FAE04EC0-301F-11D3-BF4B-00C04F79EFBC}") = "api-sistema-de-empleados", "api-sistema-de-empleados\api-sistema-de-empleados.csproj", "{7675DCB1-D9D9-4B4D-989F-49E4F807718F}"
EndProject
Global
	GlobalSection(SolutionConfigurationPlatforms) = preSolution
		Debug|Any CPU = Debug|Any CPU
		Release|Any CPU = Release|Any CPU
	EndGlobalSection
	GlobalSection(ProjectConfigurationPlatforms) = postSolution
		{7675DCB1-D9D9-4B4D-989F-49E4F807718F}.Debug|Any CPU.ActiveCfg = Debug|Any CPU
		{7675DCB1-D9D9-4B4D-989F-49E4F807718F}.Debug|Any CPU.Build.0 = Debug|Any CPU
		{7675DCB1-D9D9-4B4D-989F-49E4F807718F}.Release|Any CPU.ActiveCfg = Release|Any CPU
		{7675DCB1-D9D9-4B4D-989F-49E4F807718F}.Release|Any CPU.Build.0 = Release|Any CPU
	EndGlobalSection
	GlobalSection(SolutionProperties) = preSolution
		HideSolutionNode = FALSE
	EndGlobalSection
	GlobalSection(ExtensibilityGlobals) = postSolution
		SolutionGuid = {5F2D74D6-F5C5-4608-8DE9-F4E192248906}
	EndGlobalSection
EndGlobal
